{
  "nodes": {
    "dotfiles-bootstrap": {
      "flake": false,
      "locked": {
        "lastModified": 1779945892,
        "narHash": "sha256-THTFOsH/3vAnUrXKZu4fVgSa7bYia/aqhNuAIQNc0uI=",
        "owner": "wd2nf8gqct",
        "repo": "dotfiles.bootstrap",
        "rev": "c0426d8470bd9bb6e59c89b266554247bae6d3e3",
        "type": "gitlab"
      },
      "original": {
        "owner": "wd2nf8gqct",
        "repo": "dotfiles.bootstrap",
        "type": "gitlab"
      }
    },
    "home-manager": {
      "inputs": {
        "nixpkgs": [
          "nixpkgs"
        ]
      },
      "locked": {
        "lastModified": 1780679734,
        "narHash": "sha256-KmRNvpNOb7QEORa06bVgjW9kITcx0VhsI7w0vhmZyD8=",
        "owner": "nix-community",
        "repo": "home-manager",
        "rev": "b2b7db486e06e098711dc291bb25db82850e1d16",
        "type": "github"
      },
      "original": {
        "owner": "nix-community",
        "repo": "home-manager",
        "type": "github"
      }
    },
    "nixpkgs": {
      "locked": {
        "lastModified": 1780243769,
        "narHash": "sha256-x5UQuRsH3MqI0U9afaXSNqzTPSeZlRLvFAav2Ux1pNw=",
        "owner": "nixos",
        "repo": "nixpkgs",
        "rev": "331800de5053fcebacf6813adb5db9c9dca22a0c",
        "type": "github"
      },
      "original": {
        "owner": "nixos",
        "ref": "nixos-unstable",
        "repo": "nixpkgs",
        "type": "github"
      }
    },
    "root": {
      "inputs": {
        "dotfiles-bootstrap": "dotfiles-bootstrap",
        "home-manager": "home-manager",
        "nixpkgs": "nixpkgs",
        "silentsddm": "silentsddm"
      }
    },
    "silentsddm": {
      "inputs": {
        "nixpkgs": [
          "nixpkgs"
        ]
      },
      "locked": {
        "lastModified": 1780766978,
        "narHash": "sha256-HrEWOam4aMPijxcS2h+e9NZ5GE6dte7tFJzkEPQH11c=",
        "owner": "uiriansan",
        "repo": "SilentSDDM",
        "rev": "ec5acc84ce57713d0d0cc2e364d5f7bb2bcdb3cf",
        "type": "github"
      },
      "original": {
        "owner": "uiriansan",
        "repo": "SilentSDDM",
        "type": "github"
      }
    }
  },
  "root": "root",
  "version": 7
}
